// !$*UTF8*$!
{
	archiveVersion = 1;
	classes = {
	};
	objectVersion = 55;
	objects = {

/* Begin PBXBuildFile section */
		25286DAC2899F6CE001A4C00 /* AppDelegate.swift in Sources */ = {isa = PBXBuildFile; fileRef = 25286DAB2899F6CE001A4C00 /* AppDelegate.swift */; };
		25286DAE2899F6CE001A4C00 /* SceneDelegate.swift in Sources */ = {isa = PBXBuildFile; fileRef = 25286DAD2899F6CE001A4C00 /* SceneDelegate.swift */; };
		25286DB02899F6CE001A4C00 /* ViewController.swift in Sources */ = {isa = PBXBuildFile; fileRef = 25286DAF2899F6CE001A4C00 /* ViewController.swift */; };
		25286DB32899F6CE001A4C00 /* Main.storyboard in Resources */ = {isa = PBXBuildFile; fileRef = 25286DB12899F6CE001A4C00 /* Main.storyboard */; };
		25286DB52899F6D1001A4C00 /* Assets.xcassets in Resources */ = {isa = PBXBuildFile; fileRef = 25286DB42899F6D1001A4C00 /* Assets.xcassets */; };
		25286DB82899F6D1001A4C00 /* LaunchScreen.storyboard in Resources */ = {isa = PBXBuildFile; fileRef = 25286DB62899F6D1001A4C00 /* LaunchScreen.storyboard */; };
		25286DC02899F7D4001A4C00 /* .gitignore in Resources */ = {isa = PBXBuildFile; fileRef = 25286DBF2899F7D4001A4C00 /* .gitignore */; };
		25286DC22899F828001A4C00 /* SearchViewController.swift in Sources */ = {isa = PBXBuildFile; fileRef = 25286DC12899F828001A4C00 /* SearchViewController.swift */; };
		25286DC42899F88D001A4C00 /* APIKey.swift in Sources */ = {isa = PBXBuildFile; fileRef = 25286DC32899F88D001A4C00 /* APIKey.swift */; };
/* End PBXBuildFile section */

/* Begin PBXFileReference section */
		25286DA82899F6CE001A4C00 /* SeSACTrendMediaProject.app */ = {isa = PBXFileReference; explicitFileType = wrapper.application; includeInIndex = 0; path = SeSACTrendMediaProject.app; sourceTree = BUILT_PRODUCTS_DIR; };
		25286DAB2899F6CE001A4C00 /* AppDelegate.swift */ = {isa = PBXFileReference; lastKnownFileType = sourcecode.swift; path = AppDelegate.swift; sourceTree = "<group>"; };
		25286DAD2899F6CE001A4C00 /* SceneDelegate.swift */ = {isa = PBXFileReference; lastKnownFileType = sourcecode.swift; path = SceneDelegate.swift; sourceTree = "<group>"; };
		25286DAF2899F6CE001A4C00 /* ViewController.swift */ = {isa = PBXFileReference; lastKnownFileType = sourcecode.swift; path = ViewController.swift; sourceTree = "<group>"; };
		25286DB22899F6CE001A4C00 /* Base */ = {isa = PBXFileReference; lastKnownFileType = file.storyboard; name = Base; path = Base.lproj/Main.storyboard; sourceTree = "<group>"; };
		25286DB42899F6D1001A4C00 /* Assets.xcassets */ = {isa = PBXFileReference; lastKnownFileType = folder.assetcatalog; path = Assets.xcassets; sourceTree = "<group>"; };
		25286DB72899F6D1001A4C00 /* Base */ = {isa = PBXFileReference; lastKnownFileType = file.storyboard; name = Base; path = Base.lproj/LaunchScreen.storyboard; sourceTree = "<group>"; };
		25286DB92899F6D1001A4C00 /* Info.plist */ = {isa = PBXFileReference; lastKnownFileType = text.plist.xml; path = Info.plist; sourceTree = "<group>"; };
		25286DBF2899F7D4001A4C00 /* .gitignore */ = {isa = PBXFileReference; lastKnownFileType = text; path = .gitignore; sourceTree = "<group>"; };
		25286DC12899F828001A4C00 /* SearchViewController.swift */ = {isa = PBXFileReference; lastKnownFileType = sourcecode.swift; path = SearchViewController.swift; sourceTree = "<group>"; };
		25286DC32899F88D001A4C00 /* APIKey.swift */ = {isa = PBXFileReference; lastKnownFileType = sourcecode.swift; path = APIKey.swift; sourceTree = SOURCE_ROOT; };
/* End PBXFileReference section */

/* Begin PBXFrameworksBuildPhase section */
		25286DA52899F6CE001A4C00 /* Frameworks */ = {
			isa = PBXFrameworksBuildPhase;
			buildActionMask = 2147483647;
			files = (
			);
			runOnlyForDeploymentPostprocessing = 0;
		};
/* End PBXFrameworksBuildPhase section */

/* Begin PBXGroup section */
		25286D9F2899F6CE001A4C00 = {
			isa = PBXGroup;
			children = (
				25286DBF2899F7D4001A4C00 /* .gitignore */,
				25286DAA2899F6CE001A4C00 /* SeSACTrendMediaProject */,
				25286DA92899F6CE001A4C00 /* Products */,
			);
			sourceTree = "<group>";
		};
		25286DA92899F6CE001A4C00 /* Products */ = {
			isa = PBXGroup;
			children = (
				25286DA82899F6CE001A4C00 /* SeSACTrendMediaProject.app */,
			);
			name = Products;
			sourceTree = "<group>";
		};
		25286DAA2899F6CE001A4C00 /* SeSACTrendMediaProject */ = {
			isa = PBXGroup;
			children = (
				25286DAB2899F6CE001A4C00 /* AppDelegate.swift */,
				25286DAD2899F6CE001A4C00 /* SceneDelegate.swift */,
				25286DAF2899F6CE001A4C00 /* ViewController.swift */,
				25286DB12899F6CE001A4C00 /* Main.storyboard */,
				25286DB42899F6D1001A4C00 /* Assets.xcassets */,
				25286DB62899F6D1001A4C00 /* LaunchScreen.storyboard */,
				25286DB92899F6D1001A4C00 /* Info.plist */,
				25286DC12899F828001A4C00 /* SearchViewController.swift */,
				25286DC32899F88D001A4C00 /* APIKey.swift */,
			);
			path = SeSACTrendMediaProject;
			sourceTree = "<group>";
		};
/* End PBXGroup section */

/* Begin PBXNativeTarget section */
		25286DA72899F6CE001A4C00 /* SeSACTrendMediaProject */ = {
			isa = PBXNativeTarget;
			buildConfigurationList = 25286DBC2899F6D1001A4C00 /* Build configuration list for PBXNativeTarget "SeSACTrendMediaProject" */;
			buildPhases = (
				25286DA42899F6CE001A4C00 /* Sources */,
				25286DA52899F6CE001A4C00 /* Frameworks */,
				25286DA62899F6CE001A4C00 /* Resources */,
			);
			buildRules = (
			);
			dependencies = (
			);
			name = SeSACTrendMediaProject;
			productName = SeSACTrendMediaProject;
			productReference = 25286DA82899F6CE001A4C00 /* SeSACTrendMediaProject.app */;
			productType = "com.apple.product-type.application";
		};
/* End PBXNativeTarget section */

/* Begin PBXProject section */
		25286DA02899F6CE001A4C00 /* Project object */ = {
			isa = PBXProject;
			attributes = {
				BuildIndependentTargetsInParallel = 1;
				LastSwiftUpdateCheck = 1340;
				LastUpgradeCheck = 1340;
				TargetAttributes = {
					25286DA72899F6CE001A4C00 = {
						CreatedOnToolsVersion = 13.4.1;
					};
				};
			};
			buildConfigurationList = 25286DA32899F6CE001A4C00 /* Build configuration list for PBXProject "SeSACTrendMediaProject" */;
			compatibilityVersion = "Xcode 13.0";
			developmentRegion = en;
			hasScannedForEncodings = 0;
			knownRegions = (
				en,
				Base,
			);
			mainGroup = 25286D9F2899F6CE001A4C00;
			productRefGroup = 25286DA92899F6CE001A4C00 /* Products */;
			projectDirPath = "";
			projectRoot = "";
			targets = (
				25286DA72899F6CE001A4C00 /* SeSACTrendMediaProject */,
			);
		};
/* End PBXProject section */

/* Begin PBXResourcesBuildPhase section */
		25286DA62899F6CE001A4C00 /* Resources */ = {
			isa = PBXResourcesBuildPhase;
			buildActionMask = 2147483647;
			files = (
				25286DC02899F7D4001A4C00 /* .gitignore in Resources */,
				25286DB82899F6D1001A4C00 /* LaunchScreen.storyboard in Resources */,
				25286DB52899F6D1001A4C00 /* Assets.xcassets in Resources */,
				25286DB32899F6CE001A4C00 /* Main.storyboard in Resources */,
			);
			runOnlyForDeploymentPostprocessing = 0;
		};
/* End PBXResourcesBuildPhase section */

/* Begin PBXSourcesBuildPhase section */
		25286DA42899F6CE001A4C00 /* Sources */ = {
			isa = PBXSourcesBuildPhase;
			buildActionMask = 2147483647;
			files = (
				25286DB02899F6CE001A4C00 /* ViewController.swift in Sources */,
				25286DAC2899F6CE001A4C00 /* AppDelegate.swift in Sources */,
				25286DC22899F828001A4C00 /* SearchViewController.swift in Sources */,
				25286DAE2899F6CE001A4C00 /* SceneDelegate.swift in Sources */,
				25286DC42899F88D001A4C00 /* APIKey.swift in Sources */,
			);
			runOnlyForDeploymentPostprocessing = 0;
		};
/* End PBXSourcesBuildPhase section */

/* Begin PBXVariantGroup section */
		25286DB12899F6CE001A4C00 /* Main.storyboard */ = {
			isa = PBXVariantGroup;
			children = (
				25286DB22899F6CE001A4C00 /* Base */,
			);
			name = Main.storyboard;
			sourceTree = "<group>";
		};
		25286DB62899F6D1001A4C00 /* LaunchScreen.storyboard */ = {
			isa = PBXVariantGroup;
			children = (
				25286DB72899F6D1001A4C00 /* Base */,
			);
			name = LaunchScreen.storyboard;
			sourceTree = "<group>";
		};
/* End PBXVariantGroup section */

/* Begin XCBuildConfiguration section */
		25286DBA2899F6D1001A4C00 /* Debug */ = {
			isa = XCBuildConfiguration;
			buildSettings = {
				ALWAYS_SEARCH_USER_PATHS = NO;
				CLANG_ANALYZER_NONNULL = YES;
				CLANG_ANALYZER_NUMBER_OBJECT_CONVERSION = YES_AGGRESSIVE;
				CLANG_CXX_LANGUAGE_STANDARD = "gnu++17";
				CLANG_ENABLE_MODULES = YES;
				CLANG_ENABLE_OBJC_ARC = YES;
				CLANG_ENABLE_OBJC_WEAK = YES;
				CLANG_WARN_BLOCK_CAPTURE_AUTORELEASING = YES;
				CLANG_WARN_BOOL_CONVERSION = YES;
				CLANG_WARN_COMMA = YES;
				CLANG_WARN_CONSTANT_CONVERSION = YES;
				CLANG_WARN_DEPRECATED_OBJC_IMPLEMENTATIONS = YES;
				CLANG_WARN_DIRECT_OBJC_ISA_USAGE = YES_ERROR;
				CLANG_WARN_DOCUMENTATION_COMMENTS = YES;
				CLANG_WARN_EMPTY_BODY = YES;
				CLANG_WARN_ENUM_CONVERSION = YES;
				CLANG_WARN_INFINITE_RECURSION = YES;
				CLANG_WARN_INT_CONVERSION = YES;
				CLANG_WARN_NON_LITERAL_NULL_CONVERSION = YES;
				CLANG_WARN_OBJC_IMPLICIT_RETAIN_SELF = YES;
				CLANG_WARN_OBJC_LITERAL_CONVERSION = YES;
				CLANG_WARN_OBJC_ROOT_CLASS = YES_ERROR;
				CLANG_WARN_QUOTED_INCLUDE_IN_FRAMEWORK_HEADER = YES;
				CLANG_WARN_RANGE_LOOP_ANALYSIS = YES;
				CLANG_WARN_STRICT_PROTOTYPES = YES;
				CLANG_WARN_SUSPICIOUS_MOVE = YES;
				CLANG_WARN_UNGUARDED_AVAILABILITY = YES_AGGRESSIVE;
				CLANG_WARN_UNREACHABLE_CODE = YES;
				CLANG_WARN__DUPLICATE_METHOD_MATCH = YES;
				COPY_PHASE_STRIP = NO;
				DEBUG_INFORMATION_FORMAT = dwarf;
				ENABLE_STRICT_OBJC_MSGSEND = YES;
				ENABLE_TESTABILITY = YES;
				GCC_C_LANGUAGE_STANDARD = gnu11;
				GCC_DYNAMIC_NO_PIC = NO;
				GCC_NO_COMMON_BLOCKS = YES;
				GCC_OPTIMIZATION_LEVEL = 0;
				GCC_PREPROCESSOR_DEFINITIONS = (
					"DEBUG=1",
					"$(inherited)",
				);
				GCC_WARN_64_TO_32_BIT_CONVERSION = YES;
				GCC_WARN_ABOUT_RETURN_TYPE = YES_ERROR;
				GCC_WARN_UNDECLARED_SELECTOR = YES;
				GCC_WARN_UNINITIALIZED_AUTOS = YES_AGGRESSIVE;
				GCC_WARN_UNUSED_FUNCTION = YES;
				GCC_WARN_UNUSED_VARIABLE = YES;
				IPHONEOS_DEPLOYMENT_TARGET = 15.5;
				MTL_ENABLE_DEBUG_INFO = INCLUDE_SOURCE;
				MTL_FAST_MATH = YES;
				ONLY_ACTIVE_ARCH = YES;
				SDKROOT = iphoneos;
				SWIFT_ACTIVE_COMPILATION_CONDITIONS = DEBUG;
				SWIFT_OPTIMIZATION_LEVEL = "-Onone";
			};
			name = Debug;
		};
		25286DBB2899F6D1001A4C00 /* Release */ = {
			isa = XCBuildConfiguration;
			buildSettings = {
				ALWAYS_SEARCH_USER_PATHS = NO;
				CLANG_ANALYZER_NONNULL = YES;
				CLANG_ANALYZER_NUMBER_OBJECT_CONVERSION = YES_AGGRESSIVE;
				CLANG_CXX_LANGUAGE_STANDARD = "gnu++17";
				CLANG_ENABLE_MODULES = YES;
				CLANG_ENABLE_OBJC_ARC = YES;
				CLANG_ENABLE_OBJC_WEAK = YES;
				CLANG_WARN_BLOCK_CAPTURE_AUTORELEASING = YES;
				CLANG_WARN_BOOL_CONVERSION = YES;
				CLANG_WARN_COMMA = YES;
				CLANG_WARN_CONSTANT_CONVERSION = YES;
				CLANG_WARN_DEPRECATED_OBJC_IMPLEMENTATIONS = YES;
				CLANG_WARN_DIRECT_OBJC_ISA_USAGE = YES_ERROR;
				CLANG_WARN_DOCUMENTATION_COMMENTS = YES;
				CLANG_WARN_EMPTY_BODY = YES;
				CLANG_WARN_ENUM_CONVERSION = YES;
				CLANG_WARN_INFINITE_RECURSION = YES;
				CLANG_WARN_INT_CONVERSION = YES;
				CLANG_WARN_NON_LITERAL_NULL_CONVERSION = YES;
				CLANG_WARN_OBJC_IMPLICIT_RETAIN_SELF = YES;
				CLANG_WARN_OBJC_LITERAL_CONVERSION = YES;
				CLANG_WARN_OBJC_ROOT_CLASS = YES_ERROR;
				CLANG_WARN_QUOTED_INCLUDE_IN_FRAMEWORK_HEADER = YES;
				CLANG_WARN_RANGE_LOOP_ANALYSIS = YES;
				CLANG_WARN_STRICT_PROTOTYPES = YES;
				CLANG_WARN_SUSPICIOUS_MOVE = YES;
				CLANG_WARN_UNGUARDED_AVAILABILITY = YES_AGGRESSIVE;
				CLANG_WARN_UNREACHABLE_CODE = YES;
				CLANG_WARN__DUPLICATE_METHOD_MATCH = YES;
				COPY_PHASE_STRIP = NO;
				DEBUG_INFORMATION_FORMAT = "dwarf-with-dsym";
				ENABLE_NS_ASSERTIONS = NO;
				ENABLE_STRICT_OBJC_MSGSEND = YES;
				GCC_C_LANGUAGE_STANDARD = gnu11;
				GCC_NO_COMMON_BLOCKS = YES;
				GCC_WARN_64_TO_32_BIT_CONVERSION = YES;
				GCC_WARN_ABOUT_RETURN_TYPE = YES_ERROR;
				GCC_WARN_UNDECLARED_SELECTOR = YES;
				GCC_WARN_UNINITIALIZED_AUTOS = YES_AGGRESSIVE;
				GCC_WARN_UNUSED_FUNCTION = YES;
				GCC_WARN_UNUSED_VARIABLE = YES;
				IPHONEOS_DEPLOYMENT_TARGET = 15.5;
				MTL_ENABLE_DEBUG_INFO = NO;
				MTL_FAST_MATH = YES;
				SDKROOT = iphoneos;
				SWIFT_COMPILATION_MODE = wholemodule;
				SWIFT_OPTIMIZATION_LEVEL = "-O";
				VALIDATE_PRODUCT = YES;
			};
			name = Release;
		};
		25286DBD2899F6D1001A4C00 /* Debug */ = {
			isa = XCBuildConfiguration;
			buildSettings = {
				ASSETCATALOG_COMPILER_APPICON_NAME = AppIcon;
				ASSETCATALOG_COMPILER_GLOBAL_ACCENT_COLOR_NAME = AccentColor;
				CODE_SIGN_STYLE = Automatic;
				CURRENT_PROJECT_VERSION = 1;
				DEVELOPMENT_TEAM = RFHV927M8S;
				GENERATE_INFOPLIST_FILE = YES;
				INFOPLIST_FILE = SeSACTrendMediaProject/Info.plist;
				INFOPLIST_KEY_UIApplicationSupportsIndirectInputEvents = YES;
				INFOPLIST_KEY_UILaunchStoryboardName = LaunchScreen;
				INFOPLIST_KEY_UIMainStoryboardFile = Main;
				INFOPLIST_KEY_UISupportedInterfaceOrientations_iPad = "UIInterfaceOrientationPortrait UIInterfaceOrientationPortraitUpsideDown UIInterfaceOrientationLandscapeLeft UIInterfaceOrientationLandscapeRight";
				INFOPLIST_KEY_UISupportedInterfaceOrientations_iPhone = "UIInterfaceOrientationPortrait UIInterfaceOrientationLandscapeLeft UIInterfaceOrientationLandscapeRight";
				LD_RUNPATH_SEARCH_PATHS = (
					"$(inherited)",
					"@executable_path/Frameworks",
				);
				MARKETING_VERSION = 1.0;
				PRODUCT_BUNDLE_IDENTIFIER = com.jaehoon.SeSACTrendMediaProject;
				PRODUCT_NAME = "$(TARGET_NAME)";
				SWIFT_EMIT_LOC_STRINGS = YES;
				SWIFT_VERSION = 5.0;
				TARGETED_DEVICE_FAMILY = 1;
			};
			name = Debug;
		};
		25286DBE2899F6D1001A4C00 /* Release */ = {
			isa = XCBuildConfiguration;
			buildSettings = {
				ASSETCATALOG_COMPILER_APPICON_NAME = AppIcon;
				ASSETCATALOG_COMPILER_GLOBAL_ACCENT_COLOR_NAME = AccentColor;
				CODE_SIGN_STYLE = Automatic;
				CURRENT_PROJECT_VERSION = 1;
				DEVELOPMENT_TEAM = RFHV927M8S;
				GENERATE_INFOPLIST_FILE = YES;
				INFOPLIST_FILE = SeSACTrendMediaProject/Info.plist;
				INFOPLIST_KEY_UIApplicationSupportsIndirectInputEvents = YES;
				INFOPLIST_KEY_UILaunchStoryboardName = LaunchScreen;
				INFOPLIST_KEY_UIMainStoryboardFile = Main;
				INFOPLIST_KEY_UISupportedInterfaceOrientations_iPad = "UIInterfaceOrientationPortrait UIInterfaceOrientationPortraitUpsideDown UIInterfaceOrientationLandscapeLeft UIInterfaceOrientationLandscapeRight";
				INFOPLIST_KEY_UISupportedInterfaceOrientations_iPhone = "UIInterfaceOrientationPortrait UIInterfaceOrientationLandscapeLeft UIInterfaceOrientationLandscapeRight";
				LD_RUNPATH_SEARCH_PATHS = (
					"$(inherited)",
					"@executable_path/Frameworks",
				);
				MARKETING_VERSION = 1.0;
				PRODUCT_BUNDLE_IDENTIFIER = com.jaehoon.SeSACTrendMediaProject;
				PRODUCT_NAME = "$(TARGET_NAME)";
				SWIFT_EMIT_LOC_STRINGS = YES;
				SWIFT_VERSION = 5.0;
				TARGETED_DEVICE_FAMILY = 1;
			};
			name = Release;
		};
/* End XCBuildConfiguration section */

/* Begin XCConfigurationList section */
		25286DA32899F6CE001A4C00 /* Build configuration list for PBXProject "SeSACTrendMediaProject" */ = {
			isa = XCConfigurationList;
			buildConfigurations = (
				25286DBA2899F6D1001A4C00 /* Debug */,
				25286DBB2899F6D1001A4C00 /* Release */,
			);
			defaultConfigurationIsVisible = 0;
			defaultConfigurationName = Release;
		};
		25286DBC2899F6D1001A4C00 /* Build configuration list for PBXNativeTarget "SeSACTrendMediaProject" */ = {
			isa = XCConfigurationList;
			buildConfigurations = (
				25286DBD2899F6D1001A4C00 /* Debug */,
				25286DBE2899F6D1001A4C00 /* Release */,
			);
			defaultConfigurationIsVisible = 0;
			defaultConfigurationName = Release;
		};
/* End XCConfigurationList section */
	};
	rootObject = 25286DA02899F6CE001A4C00 /* Project object */;
}
