// !$*UTF8*$!
{
	archiveVersion = 1;
	classes = {
	};
	objectVersion = 55;
	objects = {

/* Begin PBXBuildFile section */
		25286DAC2899F6CE001A4C00 /* AppDelegate.swift in Sources */ = {isa = PBXBuildFile; fileRef = 25286DAB2899F6CE001A4C00 /* AppDelegate.swift */; };
		25286DAE2899F6CE001A4C00 /* SceneDelegate.swift in Sources */ = {isa = PBXBuildFile; fileRef = 25286DAD2899F6CE001A4C00 /* SceneDelegate.swift */; };
		25286DB02899F6CE001A4C00 /* ViewController.swift in Sources */ = {isa = PBXBuildFile; fileRef = 25286DAF2899F6CE001A4C00 /* ViewController.swift */; };
		25286DB32899F6CE001A4C00 /* Main.storyboard in Resources */ = {isa = PBXBuildFile; fileRef = 25286DB12899F6CE001A4C00 /* Main.storyboard */; };
		25286DB52899F6D1001A4C00 /* Assets.xcassets in Resources */ = {isa = PBXBuildFile; fileRef = 25286DB42899F6D1001A4C00 /* Assets.xcassets */; };
		25286DB82899F6D1001A4C00 /* LaunchScreen.storyboard in Resources */ = {isa = PBXBuildFile; fileRef = 25286DB62899F6D1001A4C00 /* LaunchScreen.storyboard */; };
		25286DC02899F7D4001A4C00 /* .gitignore in Resources */ = {isa = PBXBuildFile; fileRef = 25286DBF2899F7D4001A4C00 /* .gitignore */; };
		25286DC22899F828001A4C00 /* SearchViewController.swift in Sources */ = {isa = PBXBuildFile; fileRef = 25286DC12899F828001A4C00 /* SearchViewController.swift */; };
		25286DC42899F88D001A4C00 /* APIKey.swift in Sources */ = {isa = PBXBuildFile; fileRef = 25286DC32899F88D001A4C00 /* APIKey.swift */; };
		25286DC82899FAAC001A4C00 /* Example.swift in Sources */ = {isa = PBXBuildFile; fileRef = 25286DC72899FAAC001A4C00 /* Example.swift */; };
		25286DCA2899FAB7001A4C00 /* Example2.swift in Sources */ = {isa = PBXBuildFile; fileRef = 25286DC92899FAB7001A4C00 /* Example2.swift */; };
		25A2A429289A5C03009DC92B /* SearchTV.storyboard in Resources */ = {isa = PBXBuildFile; fileRef = 25A2A428289A5C03009DC92B /* SearchTV.storyboard */; };
		25A2A42B289A5C33009DC92B /* SearchTVViewController.swift in Sources */ = {isa = PBXBuildFile; fileRef = 25A2A42A289A5C33009DC92B /* SearchTVViewController.swift */; };
		25A2A42F289A6971009DC92B /* SearchTVCollectionViewCell.swift in Sources */ = {isa = PBXBuildFile; fileRef = 25A2A42E289A6971009DC92B /* SearchTVCollectionViewCell.swift */; };
		25A2A432289A6AA6009DC92B /* Alamofire in Frameworks */ = {isa = PBXBuildFile; productRef = 25A2A431289A6AA6009DC92B /* Alamofire */; };
		25A2A435289A6AB5009DC92B /* SwiftyJSON in Frameworks */ = {isa = PBXBuildFile; productRef = 25A2A434289A6AB5009DC92B /* SwiftyJSON */; };
		25A2A438289A6AC7009DC92B /* Kingfisher in Frameworks */ = {isa = PBXBuildFile; productRef = 25A2A437289A6AC7009DC92B /* Kingfisher */; };
		25A2A43A289A6B34009DC92B /* TVModel.swift in Sources */ = {isa = PBXBuildFile; fileRef = 25A2A439289A6B34009DC92B /* TVModel.swift */; };
		25A2A445289BAA0C009DC92B /* JGProgressHUD in Frameworks */ = {isa = PBXBuildFile; productRef = 25A2A444289BAA0C009DC92B /* JGProgressHUD */; };
		25A2A44A289BB508009DC92B /* DetailTV.storyboard in Resources */ = {isa = PBXBuildFile; fileRef = 25A2A449289BB508009DC92B /* DetailTV.storyboard */; };
		25A2A44C289BB522009DC92B /* DetailTVViewController.swift in Sources */ = {isa = PBXBuildFile; fileRef = 25A2A44B289BB522009DC92B /* DetailTVViewController.swift */; };
		25A2A455289BBDA1009DC92B /* TVOverviewTableViewCell.swift in Sources */ = {isa = PBXBuildFile; fileRef = 25A2A453289BBDA1009DC92B /* TVOverviewTableViewCell.swift */; };
		25A2A456289BBDA1009DC92B /* TVOverviewTableViewCell.xib in Resources */ = {isa = PBXBuildFile; fileRef = 25A2A454289BBDA1009DC92B /* TVOverviewTableViewCell.xib */; };
		25A2A459289BBDB9009DC92B /* TVCastTableViewCell.swift in Sources */ = {isa = PBXBuildFile; fileRef = 25A2A457289BBDB9009DC92B /* TVCastTableViewCell.swift */; };
		25A2A45A289BBDB9009DC92B /* TVCastTableViewCell.xib in Resources */ = {isa = PBXBuildFile; fileRef = 25A2A458289BBDB9009DC92B /* TVCastTableViewCell.xib */; };
		25A2A45D289BC011009DC92B /* ReusableViewProtocol.swift in Sources */ = {isa = PBXBuildFile; fileRef = 25A2A45C289BC011009DC92B /* ReusableViewProtocol.swift */; };
		25A2A45F289BC2FA009DC92B /* Constant.swift in Sources */ = {isa = PBXBuildFile; fileRef = 25A2A45E289BC2FA009DC92B /* Constant.swift */; };
		25A2A461289BCA13009DC92B /* CastModel.swift in Sources */ = {isa = PBXBuildFile; fileRef = 25A2A460289BCA13009DC92B /* CastModel.swift */; };
/* End PBXBuildFile section */

/* Begin PBXFileReference section */
		25286DA82899F6CE001A4C00 /* SeSACTrendMediaProject.app */ = {isa = PBXFileReference; explicitFileType = wrapper.application; includeInIndex = 0; path = SeSACTrendMediaProject.app; sourceTree = BUILT_PRODUCTS_DIR; };
		25286DAB2899F6CE001A4C00 /* AppDelegate.swift */ = {isa = PBXFileReference; lastKnownFileType = sourcecode.swift; path = AppDelegate.swift; sourceTree = "<group>"; };
		25286DAD2899F6CE001A4C00 /* SceneDelegate.swift */ = {isa = PBXFileReference; lastKnownFileType = sourcecode.swift; path = SceneDelegate.swift; sourceTree = "<group>"; };
		25286DAF2899F6CE001A4C00 /* ViewController.swift */ = {isa = PBXFileReference; lastKnownFileType = sourcecode.swift; path = ViewController.swift; sourceTree = "<group>"; };
		25286DB22899F6CE001A4C00 /* Base */ = {isa = PBXFileReference; lastKnownFileType = file.storyboard; name = Base; path = Base.lproj/Main.storyboard; sourceTree = "<group>"; };
		25286DB42899F6D1001A4C00 /* Assets.xcassets */ = {isa = PBXFileReference; lastKnownFileType = folder.assetcatalog; path = Assets.xcassets; sourceTree = "<group>"; };
		25286DB72899F6D1001A4C00 /* Base */ = {isa = PBXFileReference; lastKnownFileType = file.storyboard; name = Base; path = Base.lproj/LaunchScreen.storyboard; sourceTree = "<group>"; };
		25286DB92899F6D1001A4C00 /* Info.plist */ = {isa = PBXFileReference; lastKnownFileType = text.plist.xml; path = Info.plist; sourceTree = "<group>"; };
		25286DBF2899F7D4001A4C00 /* .gitignore */ = {isa = PBXFileReference; lastKnownFileType = text; path = .gitignore; sourceTree = "<group>"; };
		25286DC12899F828001A4C00 /* SearchViewController.swift */ = {isa = PBXFileReference; lastKnownFileType = sourcecode.swift; path = SearchViewController.swift; sourceTree = "<group>"; };
		25286DC32899F88D001A4C00 /* APIKey.swift */ = {isa = PBXFileReference; lastKnownFileType = sourcecode.swift; name = APIKey.swift; path = SeSACTrendMediaProject/Resource/APIKey.swift; sourceTree = SOURCE_ROOT; };
		25286DC72899FAAC001A4C00 /* Example.swift */ = {isa = PBXFileReference; lastKnownFileType = sourcecode.swift; path = Example.swift; sourceTree = "<group>"; };
		25286DC92899FAB7001A4C00 /* Example2.swift */ = {isa = PBXFileReference; lastKnownFileType = sourcecode.swift; path = Example2.swift; sourceTree = "<group>"; };
		25A2A428289A5C03009DC92B /* SearchTV.storyboard */ = {isa = PBXFileReference; lastKnownFileType = file.storyboard; path = SearchTV.storyboard; sourceTree = "<group>"; };
		25A2A42A289A5C33009DC92B /* SearchTVViewController.swift */ = {isa = PBXFileReference; lastKnownFileType = sourcecode.swift; path = SearchTVViewController.swift; sourceTree = "<group>"; };
		25A2A42E289A6971009DC92B /* SearchTVCollectionViewCell.swift */ = {isa = PBXFileReference; lastKnownFileType = sourcecode.swift; path = SearchTVCollectionViewCell.swift; sourceTree = "<group>"; };
		25A2A439289A6B34009DC92B /* TVModel.swift */ = {isa = PBXFileReference; lastKnownFileType = sourcecode.swift; path = TVModel.swift; sourceTree = "<group>"; };
		25A2A449289BB508009DC92B /* DetailTV.storyboard */ = {isa = PBXFileReference; lastKnownFileType = file.storyboard; path = DetailTV.storyboard; sourceTree = "<group>"; };
		25A2A44B289BB522009DC92B /* DetailTVViewController.swift */ = {isa = PBXFileReference; lastKnownFileType = sourcecode.swift; path = DetailTVViewController.swift; sourceTree = "<group>"; };
		25A2A453289BBDA1009DC92B /* TVOverviewTableViewCell.swift */ = {isa = PBXFileReference; lastKnownFileType = sourcecode.swift; path = TVOverviewTableViewCell.swift; sourceTree = "<group>"; };
		25A2A454289BBDA1009DC92B /* TVOverviewTableViewCell.xib */ = {isa = PBXFileReference; lastKnownFileType = file.xib; path = TVOverviewTableViewCell.xib; sourceTree = "<group>"; };
		25A2A457289BBDB9009DC92B /* TVCastTableViewCell.swift */ = {isa = PBXFileReference; lastKnownFileType = sourcecode.swift; path = TVCastTableViewCell.swift; sourceTree = "<group>"; };
		25A2A458289BBDB9009DC92B /* TVCastTableViewCell.xib */ = {isa = PBXFileReference; lastKnownFileType = file.xib; path = TVCastTableViewCell.xib; sourceTree = "<group>"; };
		25A2A45C289BC011009DC92B /* ReusableViewProtocol.swift */ = {isa = PBXFileReference; lastKnownFileType = sourcecode.swift; path = ReusableViewProtocol.swift; sourceTree = "<group>"; };
		25A2A45E289BC2FA009DC92B /* Constant.swift */ = {isa = PBXFileReference; lastKnownFileType = sourcecode.swift; path = Constant.swift; sourceTree = "<group>"; };
		25A2A460289BCA13009DC92B /* CastModel.swift */ = {isa = PBXFileReference; lastKnownFileType = sourcecode.swift; path = CastModel.swift; sourceTree = "<group>"; };
/* End PBXFileReference section */

/* Begin PBXFrameworksBuildPhase section */
		25286DA52899F6CE001A4C00 /* Frameworks */ = {
			isa = PBXFrameworksBuildPhase;
			buildActionMask = 2147483647;
			files = (
				25A2A445289BAA0C009DC92B /* JGProgressHUD in Frameworks */,
				25A2A438289A6AC7009DC92B /* Kingfisher in Frameworks */,
				25A2A435289A6AB5009DC92B /* SwiftyJSON in Frameworks */,
				25A2A432289A6AA6009DC92B /* Alamofire in Frameworks */,
			);
			runOnlyForDeploymentPostprocessing = 0;
		};
/* End PBXFrameworksBuildPhase section */

/* Begin PBXGroup section */
		25286D9F2899F6CE001A4C00 = {
			isa = PBXGroup;
			children = (
				25286DBF2899F7D4001A4C00 /* .gitignore */,
				25286DAA2899F6CE001A4C00 /* SeSACTrendMediaProject */,
				25286DA92899F6CE001A4C00 /* Products */,
			);
			sourceTree = "<group>";
		};
		25286DA92899F6CE001A4C00 /* Products */ = {
			isa = PBXGroup;
			children = (
				25286DA82899F6CE001A4C00 /* SeSACTrendMediaProject.app */,
			);
			name = Products;
			sourceTree = "<group>";
		};
		25286DAA2899F6CE001A4C00 /* SeSACTrendMediaProject */ = {
			isa = PBXGroup;
			children = (
				25A2A45B289BBFF3009DC92B /* Protocol */,
				25286DC62899FA87001A4C00 /* Key */,
				25286DC52899FA17001A4C00 /* Resource */,
				25286DAB2899F6CE001A4C00 /* AppDelegate.swift */,
				25286DAD2899F6CE001A4C00 /* SceneDelegate.swift */,
				25286DAF2899F6CE001A4C00 /* ViewController.swift */,
				25286DB12899F6CE001A4C00 /* Main.storyboard */,
				25286DB42899F6D1001A4C00 /* Assets.xcassets */,
				25286DB62899F6D1001A4C00 /* LaunchScreen.storyboard */,
				25286DB92899F6D1001A4C00 /* Info.plist */,
				25286DC12899F828001A4C00 /* SearchViewController.swift */,
				25A2A425289A5B68009DC92B /* SearchTV */,
				25A2A446289BB4CA009DC92B /* DetailTV */,
			);
			path = SeSACTrendMediaProject;
			sourceTree = "<group>";
		};
		25286DC52899FA17001A4C00 /* Resource */ = {
			isa = PBXGroup;
			children = (
				25286DC92899FAB7001A4C00 /* Example2.swift */,
				25286DC32899F88D001A4C00 /* APIKey.swift */,
				25A2A45E289BC2FA009DC92B /* Constant.swift */,
			);
			path = Resource;
			sourceTree = "<group>";
		};
		25286DC62899FA87001A4C00 /* Key */ = {
			isa = PBXGroup;
			children = (
				25286DC72899FAAC001A4C00 /* Example.swift */,
			);
			path = Key;
			sourceTree = "<group>";
		};
		25A2A425289A5B68009DC92B /* SearchTV */ = {
			isa = PBXGroup;
			children = (
				25A2A428289A5C03009DC92B /* SearchTV.storyboard */,
				25A2A439289A6B34009DC92B /* TVModel.swift */,
				25A2A42A289A5C33009DC92B /* SearchTVViewController.swift */,
				25A2A42E289A6971009DC92B /* SearchTVCollectionViewCell.swift */,
			);
			path = SearchTV;
			sourceTree = "<group>";
		};
		25A2A446289BB4CA009DC92B /* DetailTV */ = {
			isa = PBXGroup;
			children = (
				25A2A449289BB508009DC92B /* DetailTV.storyboard */,
				25A2A460289BCA13009DC92B /* CastModel.swift */,
				25A2A44B289BB522009DC92B /* DetailTVViewController.swift */,
				25A2A453289BBDA1009DC92B /* TVOverviewTableViewCell.swift */,
				25A2A454289BBDA1009DC92B /* TVOverviewTableViewCell.xib */,
				25A2A457289BBDB9009DC92B /* TVCastTableViewCell.swift */,
				25A2A458289BBDB9009DC92B /* TVCastTableViewCell.xib */,
			);
			path = DetailTV;
			sourceTree = "<group>";
		};
		25A2A45B289BBFF3009DC92B /* Protocol */ = {
			isa = PBXGroup;
			children = (
				25A2A45C289BC011009DC92B /* ReusableViewProtocol.swift */,
			);
			path = Protocol;
			sourceTree = "<group>";
		};
/* End PBXGroup section */

/* Begin PBXNativeTarget section */
		25286DA72899F6CE001A4C00 /* SeSACTrendMediaProject */ = {
			isa = PBXNativeTarget;
			buildConfigurationList = 25286DBC2899F6D1001A4C00 /* Build configuration list for PBXNativeTarget "SeSACTrendMediaProject" */;
			buildPhases = (
				25286DA42899F6CE001A4C00 /* Sources */,
				25286DA52899F6CE001A4C00 /* Frameworks */,
				25286DA62899F6CE001A4C00 /* Resources */,
			);
			buildRules = (
			);
			dependencies = (
			);
			name = SeSACTrendMediaProject;
			packageProductDependencies = (
				25A2A431289A6AA6009DC92B /* Alamofire */,
				25A2A434289A6AB5009DC92B /* SwiftyJSON */,
				25A2A437289A6AC7009DC92B /* Kingfisher */,
				25A2A444289BAA0C009DC92B /* JGProgressHUD */,
			);
			productName = SeSACTrendMediaProject;
			productReference = 25286DA82899F6CE001A4C00 /* SeSACTrendMediaProject.app */;
			productType = "com.apple.product-type.application";
		};
/* End PBXNativeTarget section */

/* Begin PBXProject section */
		25286DA02899F6CE001A4C00 /* Project object */ = {
			isa = PBXProject;
			attributes = {
				BuildIndependentTargetsInParallel = 1;
				LastSwiftUpdateCheck = 1340;
				LastUpgradeCheck = 1340;
				TargetAttributes = {
					25286DA72899F6CE001A4C00 = {
						CreatedOnToolsVersion = 13.4.1;
					};
				};
			};
			buildConfigurationList = 25286DA32899F6CE001A4C00 /* Build configuration list for PBXProject "SeSACTrendMediaProject" */;
			compatibilityVersion = "Xcode 13.0";
			developmentRegion = en;
			hasScannedForEncodings = 0;
			knownRegions = (
				en,
				Base,
			);
			mainGroup = 25286D9F2899F6CE001A4C00;
			packageReferences = (
				25A2A430289A6AA6009DC92B /* XCRemoteSwiftPackageReference "Alamofire" */,
				25A2A433289A6AB5009DC92B /* XCRemoteSwiftPackageReference "SwiftyJSON" */,
				25A2A436289A6AC7009DC92B /* XCRemoteSwiftPackageReference "Kingfisher" */,
				25A2A443289BAA0B009DC92B /* XCRemoteSwiftPackageReference "JGProgressHUD" */,
			);
			productRefGroup = 25286DA92899F6CE001A4C00 /* Products */;
			projectDirPath = "";
			projectRoot = "";
			targets = (
				25286DA72899F6CE001A4C00 /* SeSACTrendMediaProject */,
			);
		};
/* End PBXProject section */

/* Begin PBXResourcesBuildPhase section */
		25286DA62899F6CE001A4C00 /* Resources */ = {
			isa = PBXResourcesBuildPhase;
			buildActionMask = 2147483647;
			files = (
				25A2A45A289BBDB9009DC92B /* TVCastTableViewCell.xib in Resources */,
				25286DC02899F7D4001A4C00 /* .gitignore in Resources */,
				25286DB82899F6D1001A4C00 /* LaunchScreen.storyboard in Resources */,
				25A2A456289BBDA1009DC92B /* TVOverviewTableViewCell.xib in Resources */,
				25A2A429289A5C03009DC92B /* SearchTV.storyboard in Resources */,
				25A2A44A289BB508009DC92B /* DetailTV.storyboard in Resources */,
				25286DB52899F6D1001A4C00 /* Assets.xcassets in Resources */,
				25286DB32899F6CE001A4C00 /* Main.storyboard in Resources */,
			);
			runOnlyForDeploymentPostprocessing = 0;
		};
/* End PBXResourcesBuildPhase section */

/* Begin PBXSourcesBuildPhase section */
		25286DA42899F6CE001A4C00 /* Sources */ = {
			isa = PBXSourcesBuildPhase;
			buildActionMask = 2147483647;
			files = (
				25286DB02899F6CE001A4C00 /* ViewController.swift in Sources */,
				25286DAC2899F6CE001A4C00 /* AppDelegate.swift in Sources */,
				25A2A45F289BC2FA009DC92B /* Constant.swift in Sources */,
				25286DC82899FAAC001A4C00 /* Example.swift in Sources */,
				25A2A43A289A6B34009DC92B /* TVModel.swift in Sources */,
				25A2A455289BBDA1009DC92B /* TVOverviewTableViewCell.swift in Sources */,
				25A2A461289BCA13009DC92B /* CastModel.swift in Sources */,
				25286DCA2899FAB7001A4C00 /* Example2.swift in Sources */,
				25A2A42F289A6971009DC92B /* SearchTVCollectionViewCell.swift in Sources */,
				25286DC22899F828001A4C00 /* SearchViewController.swift in Sources */,
				25286DAE2899F6CE001A4C00 /* SceneDelegate.swift in Sources */,
				25A2A459289BBDB9009DC92B /* TVCastTableViewCell.swift in Sources */,
				25A2A44C289BB522009DC92B /* DetailTVViewController.swift in Sources */,
				25A2A45D289BC011009DC92B /* ReusableViewProtocol.swift in Sources */,
				25A2A42B289A5C33009DC92B /* SearchTVViewController.swift in Sources */,
				25286DC42899F88D001A4C00 /* APIKey.swift in Sources */,
			);
			runOnlyForDeploymentPostprocessing = 0;
		};
/* End PBXSourcesBuildPhase section */

/* Begin PBXVariantGroup section */
		25286DB12899F6CE001A4C00 /* Main.storyboard */ = {
			isa = PBXVariantGroup;
			children = (
				25286DB22899F6CE001A4C00 /* Base */,
			);
			name = Main.storyboard;
			sourceTree = "<group>";
		};
		25286DB62899F6D1001A4C00 /* LaunchScreen.storyboard */ = {
			isa = PBXVariantGroup;
			children = (
				25286DB72899F6D1001A4C00 /* Base */,
			);
			name = LaunchScreen.storyboard;
			sourceTree = "<group>";
		};
/* End PBXVariantGroup section */

/* Begin XCBuildConfiguration section */
		25286DBA2899F6D1001A4C00 /* Debug */ = {
			isa = XCBuildConfiguration;
			buildSettings = {
				ALWAYS_SEARCH_USER_PATHS = NO;
				CLANG_ANALYZER_NONNULL = YES;
				CLANG_ANALYZER_NUMBER_OBJECT_CONVERSION = YES_AGGRESSIVE;
				CLANG_CXX_LANGUAGE_STANDARD = "gnu++17";
				CLANG_ENABLE_MODULES = YES;
				CLANG_ENABLE_OBJC_ARC = YES;
				CLANG_ENABLE_OBJC_WEAK = YES;
				CLANG_WARN_BLOCK_CAPTURE_AUTORELEASING = YES;
				CLANG_WARN_BOOL_CONVERSION = YES;
				CLANG_WARN_COMMA = YES;
				CLANG_WARN_CONSTANT_CONVERSION = YES;
				CLANG_WARN_DEPRECATED_OBJC_IMPLEMENTATIONS = YES;
				CLANG_WARN_DIRECT_OBJC_ISA_USAGE = YES_ERROR;
				CLANG_WARN_DOCUMENTATION_COMMENTS = YES;
				CLANG_WARN_EMPTY_BODY = YES;
				CLANG_WARN_ENUM_CONVERSION = YES;
				CLANG_WARN_INFINITE_RECURSION = YES;
				CLANG_WARN_INT_CONVERSION = YES;
				CLANG_WARN_NON_LITERAL_NULL_CONVERSION = YES;
				CLANG_WARN_OBJC_IMPLICIT_RETAIN_SELF = YES;
				CLANG_WARN_OBJC_LITERAL_CONVERSION = YES;
				CLANG_WARN_OBJC_ROOT_CLASS = YES_ERROR;
				CLANG_WARN_QUOTED_INCLUDE_IN_FRAMEWORK_HEADER = YES;
				CLANG_WARN_RANGE_LOOP_ANALYSIS = YES;
				CLANG_WARN_STRICT_PROTOTYPES = YES;
				CLANG_WARN_SUSPICIOUS_MOVE = YES;
				CLANG_WARN_UNGUARDED_AVAILABILITY = YES_AGGRESSIVE;
				CLANG_WARN_UNREACHABLE_CODE = YES;
				CLANG_WARN__DUPLICATE_METHOD_MATCH = YES;
				COPY_PHASE_STRIP = NO;
				DEBUG_INFORMATION_FORMAT = dwarf;
				ENABLE_STRICT_OBJC_MSGSEND = YES;
				ENABLE_TESTABILITY = YES;
				GCC_C_LANGUAGE_STANDARD = gnu11;
				GCC_DYNAMIC_NO_PIC = NO;
				GCC_NO_COMMON_BLOCKS = YES;
				GCC_OPTIMIZATION_LEVEL = 0;
				GCC_PREPROCESSOR_DEFINITIONS = (
					"DEBUG=1",
					"$(inherited)",
				);
				GCC_WARN_64_TO_32_BIT_CONVERSION = YES;
				GCC_WARN_ABOUT_RETURN_TYPE = YES_ERROR;
				GCC_WARN_UNDECLARED_SELECTOR = YES;
				GCC_WARN_UNINITIALIZED_AUTOS = YES_AGGRESSIVE;
				GCC_WARN_UNUSED_FUNCTION = YES;
				GCC_WARN_UNUSED_VARIABLE = YES;
				IPHONEOS_DEPLOYMENT_TARGET = 15.0;
				MTL_ENABLE_DEBUG_INFO = INCLUDE_SOURCE;
				MTL_FAST_MATH = YES;
				ONLY_ACTIVE_ARCH = YES;
				SDKROOT = iphoneos;
				SWIFT_ACTIVE_COMPILATION_CONDITIONS = DEBUG;
				SWIFT_OPTIMIZATION_LEVEL = "-Onone";
			};
			name = Debug;
		};
		25286DBB2899F6D1001A4C00 /* Release */ = {
			isa = XCBuildConfiguration;
			buildSettings = {
				ALWAYS_SEARCH_USER_PATHS = NO;
				CLANG_ANALYZER_NONNULL = YES;
				CLANG_ANALYZER_NUMBER_OBJECT_CONVERSION = YES_AGGRESSIVE;
				CLANG_CXX_LANGUAGE_STANDARD = "gnu++17";
				CLANG_ENABLE_MODULES = YES;
				CLANG_ENABLE_OBJC_ARC = YES;
				CLANG_ENABLE_OBJC_WEAK = YES;
				CLANG_WARN_BLOCK_CAPTURE_AUTORELEASING = YES;
				CLANG_WARN_BOOL_CONVERSION = YES;
				CLANG_WARN_COMMA = YES;
				CLANG_WARN_CONSTANT_CONVERSION = YES;
				CLANG_WARN_DEPRECATED_OBJC_IMPLEMENTATIONS = YES;
				CLANG_WARN_DIRECT_OBJC_ISA_USAGE = YES_ERROR;
				CLANG_WARN_DOCUMENTATION_COMMENTS = YES;
				CLANG_WARN_EMPTY_BODY = YES;
				CLANG_WARN_ENUM_CONVERSION = YES;
				CLANG_WARN_INFINITE_RECURSION = YES;
				CLANG_WARN_INT_CONVERSION = YES;
				CLANG_WARN_NON_LITERAL_NULL_CONVERSION = YES;
				CLANG_WARN_OBJC_IMPLICIT_RETAIN_SELF = YES;
				CLANG_WARN_OBJC_LITERAL_CONVERSION = YES;
				CLANG_WARN_OBJC_ROOT_CLASS = YES_ERROR;
				CLANG_WARN_QUOTED_INCLUDE_IN_FRAMEWORK_HEADER = YES;
				CLANG_WARN_RANGE_LOOP_ANALYSIS = YES;
				CLANG_WARN_STRICT_PROTOTYPES = YES;
				CLANG_WARN_SUSPICIOUS_MOVE = YES;
				CLANG_WARN_UNGUARDED_AVAILABILITY = YES_AGGRESSIVE;
				CLANG_WARN_UNREACHABLE_CODE = YES;
				CLANG_WARN__DUPLICATE_METHOD_MATCH = YES;
				COPY_PHASE_STRIP = NO;
				DEBUG_INFORMATION_FORMAT = "dwarf-with-dsym";
				ENABLE_NS_ASSERTIONS = NO;
				ENABLE_STRICT_OBJC_MSGSEND = YES;
				GCC_C_LANGUAGE_STANDARD = gnu11;
				GCC_NO_COMMON_BLOCKS = YES;
				GCC_WARN_64_TO_32_BIT_CONVERSION = YES;
				GCC_WARN_ABOUT_RETURN_TYPE = YES_ERROR;
				GCC_WARN_UNDECLARED_SELECTOR = YES;
				GCC_WARN_UNINITIALIZED_AUTOS = YES_AGGRESSIVE;
				GCC_WARN_UNUSED_FUNCTION = YES;
				GCC_WARN_UNUSED_VARIABLE = YES;
				IPHONEOS_DEPLOYMENT_TARGET = 15.0;
				MTL_ENABLE_DEBUG_INFO = NO;
				MTL_FAST_MATH = YES;
				SDKROOT = iphoneos;
				SWIFT_COMPILATION_MODE = wholemodule;
				SWIFT_OPTIMIZATION_LEVEL = "-O";
				VALIDATE_PRODUCT = YES;
			};
			name = Release;
		};
		25286DBD2899F6D1001A4C00 /* Debug */ = {
			isa = XCBuildConfiguration;
			buildSettings = {
				ASSETCATALOG_COMPILER_APPICON_NAME = AppIcon;
				ASSETCATALOG_COMPILER_GLOBAL_ACCENT_COLOR_NAME = AccentColor;
				CODE_SIGN_STYLE = Automatic;
				CURRENT_PROJECT_VERSION = 1;
				DEVELOPMENT_TEAM = RFHV927M8S;
				GENERATE_INFOPLIST_FILE = YES;
				INFOPLIST_FILE = SeSACTrendMediaProject/Info.plist;
				INFOPLIST_KEY_UIApplicationSupportsIndirectInputEvents = YES;
				INFOPLIST_KEY_UILaunchStoryboardName = LaunchScreen;
				INFOPLIST_KEY_UIMainStoryboardFile = SearchTV;
				INFOPLIST_KEY_UISupportedInterfaceOrientations_iPad = "UIInterfaceOrientationPortrait UIInterfaceOrientationPortraitUpsideDown UIInterfaceOrientationLandscapeLeft UIInterfaceOrientationLandscapeRight";
				INFOPLIST_KEY_UISupportedInterfaceOrientations_iPhone = "UIInterfaceOrientationPortrait UIInterfaceOrientationLandscapeLeft UIInterfaceOrientationLandscapeRight";
				LD_RUNPATH_SEARCH_PATHS = (
					"$(inherited)",
					"@executable_path/Frameworks",
				);
				MARKETING_VERSION = 1.0;
				PRODUCT_BUNDLE_IDENTIFIER = com.jaehoon.SeSACTrendMediaProject;
				PRODUCT_NAME = "$(TARGET_NAME)";
				SWIFT_EMIT_LOC_STRINGS = YES;
				SWIFT_VERSION = 5.0;
				TARGETED_DEVICE_FAMILY = 1;
			};
			name = Debug;
		};
		25286DBE2899F6D1001A4C00 /* Release */ = {
			isa = XCBuildConfiguration;
			buildSettings = {
				ASSETCATALOG_COMPILER_APPICON_NAME = AppIcon;
				ASSETCATALOG_COMPILER_GLOBAL_ACCENT_COLOR_NAME = AccentColor;
				CODE_SIGN_STYLE = Automatic;
				CURRENT_PROJECT_VERSION = 1;
				DEVELOPMENT_TEAM = RFHV927M8S;
				GENERATE_INFOPLIST_FILE = YES;
				INFOPLIST_FILE = SeSACTrendMediaProject/Info.plist;
				INFOPLIST_KEY_UIApplicationSupportsIndirectInputEvents = YES;
				INFOPLIST_KEY_UILaunchStoryboardName = LaunchScreen;
				INFOPLIST_KEY_UIMainStoryboardFile = SearchTV;
				INFOPLIST_KEY_UISupportedInterfaceOrientations_iPad = "UIInterfaceOrientationPortrait UIInterfaceOrientationPortraitUpsideDown UIInterfaceOrientationLandscapeLeft UIInterfaceOrientationLandscapeRight";
				INFOPLIST_KEY_UISupportedInterfaceOrientations_iPhone = "UIInterfaceOrientationPortrait UIInterfaceOrientationLandscapeLeft UIInterfaceOrientationLandscapeRight";
				LD_RUNPATH_SEARCH_PATHS = (
					"$(inherited)",
					"@executable_path/Frameworks",
				);
				MARKETING_VERSION = 1.0;
				PRODUCT_BUNDLE_IDENTIFIER = com.jaehoon.SeSACTrendMediaProject;
				PRODUCT_NAME = "$(TARGET_NAME)";
				SWIFT_EMIT_LOC_STRINGS = YES;
				SWIFT_VERSION = 5.0;
				TARGETED_DEVICE_FAMILY = 1;
			};
			name = Release;
		};
/* End XCBuildConfiguration section */

/* Begin XCConfigurationList section */
		25286DA32899F6CE001A4C00 /* Build configuration list for PBXProject "SeSACTrendMediaProject" */ = {
			isa = XCConfigurationList;
			buildConfigurations = (
				25286DBA2899F6D1001A4C00 /* Debug */,
				25286DBB2899F6D1001A4C00 /* Release */,
			);
			defaultConfigurationIsVisible = 0;
			defaultConfigurationName = Release;
		};
		25286DBC2899F6D1001A4C00 /* Build configuration list for PBXNativeTarget "SeSACTrendMediaProject" */ = {
			isa = XCConfigurationList;
			buildConfigurations = (
				25286DBD2899F6D1001A4C00 /* Debug */,
				25286DBE2899F6D1001A4C00 /* Release */,
			);
			defaultConfigurationIsVisible = 0;
			defaultConfigurationName = Release;
		};
/* End XCConfigurationList section */

/* Begin XCRemoteSwiftPackageReference section */
		25A2A430289A6AA6009DC92B /* XCRemoteSwiftPackageReference "Alamofire" */ = {
			isa = XCRemoteSwiftPackageReference;
			repositoryURL = "https://github.com/Alamofire/Alamofire.git";
			requirement = {
				kind = upToNextMajorVersion;
				minimumVersion = 5.0.0;
			};
		};
		25A2A433289A6AB5009DC92B /* XCRemoteSwiftPackageReference "SwiftyJSON" */ = {
			isa = XCRemoteSwiftPackageReference;
			repositoryURL = "https://github.com/SwiftyJSON/SwiftyJSON.git";
			requirement = {
				kind = upToNextMajorVersion;
				minimumVersion = 5.0.0;
			};
		};
		25A2A436289A6AC7009DC92B /* XCRemoteSwiftPackageReference "Kingfisher" */ = {
			isa = XCRemoteSwiftPackageReference;
			repositoryURL = "https://github.com/onevcat/Kingfisher.git";
			requirement = {
				kind = upToNextMajorVersion;
				minimumVersion = 7.0.0;
			};
		};
		25A2A443289BAA0B009DC92B /* XCRemoteSwiftPackageReference "JGProgressHUD" */ = {
			isa = XCRemoteSwiftPackageReference;
			repositoryURL = "https://github.com/JonasGessner/JGProgressHUD.git";
			requirement = {
				kind = upToNextMajorVersion;
				minimumVersion = 2.0.0;
			};
		};
/* End XCRemoteSwiftPackageReference section */

/* Begin XCSwiftPackageProductDependency section */
		25A2A431289A6AA6009DC92B /* Alamofire */ = {
			isa = XCSwiftPackageProductDependency;
			package = 25A2A430289A6AA6009DC92B /* XCRemoteSwiftPackageReference "Alamofire" */;
			productName = Alamofire;
		};
		25A2A434289A6AB5009DC92B /* SwiftyJSON */ = {
			isa = XCSwiftPackageProductDependency;
			package = 25A2A433289A6AB5009DC92B /* XCRemoteSwiftPackageReference "SwiftyJSON" */;
			productName = SwiftyJSON;
		};
		25A2A437289A6AC7009DC92B /* Kingfisher */ = {
			isa = XCSwiftPackageProductDependency;
			package = 25A2A436289A6AC7009DC92B /* XCRemoteSwiftPackageReference "Kingfisher" */;
			productName = Kingfisher;
		};
		25A2A444289BAA0C009DC92B /* JGProgressHUD */ = {
			isa = XCSwiftPackageProductDependency;
			package = 25A2A443289BAA0B009DC92B /* XCRemoteSwiftPackageReference "JGProgressHUD" */;
			productName = JGProgressHUD;
		};
/* End XCSwiftPackageProductDependency section */
	};
	rootObject = 25286DA02899F6CE001A4C00 /* Project object */;
}
